{
  "name": "getintodevops-hellonode",
  "version": "1.0.0",
  "lockfileVersion": 1,
  "requires": true,
  "dependencies": {
    "@godaddy/terminus": {
      "version": "2.2.0",
      "resolved": "https://registry.npmjs.org/@godaddy/terminus/-/terminus-2.2.0.tgz",
      "integrity": "sha512-olNnWo38hBYEGGGUp1YLpZSNpyjk8iywrF5KpWNcVcywy4CeD+sO/TwO/kEfRw75g6oRw1TmN8tDaL8r4kcY0w==",
      "requires": {
        "es6-promisify": "5.0.0",
        "stoppable": "1.0.6"
      }
    },
    "es6-promise": {
      "version": "4.2.4",
      "resolved": "https://registry.npmjs.org/es6-promise/-/es6-promise-4.2.4.tgz",
      "integrity": "sha512-/NdNZVJg+uZgtm9eS3O6lrOLYmQag2DjdEXuPaHlZ6RuVqgqaVZfgYCepEIKsLqwdQArOPtC3XzRLqGGfT8KQQ=="
    },
    "es6-promisify": {
      "version": "5.0.0",
      "resolved": "https://registry.npmjs.org/es6-promisify/-/es6-promisify-5.0.0.tgz",
      "integrity": "sha1-UQnWLz5W6pZ8S2NQWu8IKRyKUgM=",
      "requires": {
        "es6-promise": "4.2.4"
      }
    },
    "stoppable": {
      "version": "1.0.6",
      "resolved": "https://registry.npmjs.org/stoppable/-/stoppable-1.0.6.tgz",
      "integrity": "sha512-d1B/3QXeT2+MixdC+EqQ9/llq3yvZkdsh8hrML52NmememiIAus0MBsnebYmzojJ2Ls5drhDqo2PFH1FLx2DWA=="
    }
  }
}
